// !$*UTF8*$!
{
	archiveVersion = 1;
	classes = {
	};
	objectVersion = 46;
	objects = {

/* Begin PBXBuildFile section */
		941302A217AFED1600F3F12D /* GoogleMaps.framework in Frameworks */ = {isa = PBXBuildFile; fileRef = 941302A117AFED1600F3F12D /* GoogleMaps.framework */; };
		941302A417AFED4E00F3F12D /* GoogleMaps.bundle in Resources */ = {isa = PBXBuildFile; fileRef = 941302A317AFED4E00F3F12D /* GoogleMaps.bundle */; };
		941302A617AFED7000F3F12D /* AVFoundation.framework in Frameworks */ = {isa = PBXBuildFile; fileRef = 941302A517AFED7000F3F12D /* AVFoundation.framework */; };
		941302A817AFED7800F3F12D /* CoreData.framework in Frameworks */ = {isa = PBXBuildFile; fileRef = 941302A717AFED7800F3F12D /* CoreData.framework */; };
		941302AA17AFED8000F3F12D /* CoreLocation.framework in Frameworks */ = {isa = PBXBuildFile; fileRef = 941302A917AFED8000F3F12D /* CoreLocation.framework */; };
		941302AC17AFED8800F3F12D /* CoreText.framework in Frameworks */ = {isa = PBXBuildFile; fileRef = 941302AB17AFED8800F3F12D /* CoreText.framework */; };
		941302AE17AFED9100F3F12D /* GLKit.framework in Frameworks */ = {isa = PBXBuildFile; fileRef = 941302AD17AFED9100F3F12D /* GLKit.framework */; };
		941302B017AFED9900F3F12D /* ImageIO.framework in Frameworks */ = {isa = PBXBuildFile; fileRef = 941302AF17AFED9900F3F12D /* ImageIO.framework */; };
		941302B217AFEDAC00F3F12D /* libc++.dylib in Frameworks */ = {isa = PBXBuildFile; fileRef = 941302B117AFEDAC00F3F12D /* libc++.dylib */; };
		941302B417AFEDBA00F3F12D /* libicucore.dylib in Frameworks */ = {isa = PBXBuildFile; fileRef = 941302B317AFEDBA00F3F12D /* libicucore.dylib */; };
		941302B617AFEDC300F3F12D /* libz.dylib in Frameworks */ = {isa = PBXBuildFile; fileRef = 941302B517AFEDC300F3F12D /* libz.dylib */; };
		941302B817AFEDCD00F3F12D /* OpenGLES.framework in Frameworks */ = {isa = PBXBuildFile; fileRef = 941302B717AFEDCD00F3F12D /* OpenGLES.framework */; };
		941302BA17AFEDD500F3F12D /* SystemConfiguration.framework in Frameworks */ = {isa = PBXBuildFile; fileRef = 941302B917AFEDD500F3F12D /* SystemConfiguration.framework */; };
		941302BC17AFF19000F3F12D /* QuartzCore.framework in Frameworks */ = {isa = PBXBuildFile; fileRef = 941302BB17AFF19000F3F12D /* QuartzCore.framework */; };
		942AE55117AE8C0000A65988 /* UIKit.framework in Frameworks */ = {isa = PBXBuildFile; fileRef = 942AE55017AE8C0000A65988 /* UIKit.framework */; };
		942AE55317AE8C0000A65988 /* Foundation.framework in Frameworks */ = {isa = PBXBuildFile; fileRef = 942AE55217AE8C0000A65988 /* Foundation.framework */; };
		942AE55517AE8C0000A65988 /* CoreGraphics.framework in Frameworks */ = {isa = PBXBuildFile; fileRef = 942AE55417AE8C0000A65988 /* CoreGraphics.framework */; };
		942AE55B17AE8C0000A65988 /* InfoPlist.strings in Resources */ = {isa = PBXBuildFile; fileRef = 942AE55917AE8C0000A65988 /* InfoPlist.strings */; };
		942AE55D17AE8C0000A65988 /* main.m in Sources */ = {isa = PBXBuildFile; fileRef = 942AE55C17AE8C0000A65988 /* main.m */; };
		942AE56117AE8C0000A65988 /* AppDelegate.m in Sources */ = {isa = PBXBuildFile; fileRef = 942AE56017AE8C0000A65988 /* AppDelegate.m */; };
		942AE56317AE8C0000A65988 /* Default.png in Resources */ = {isa = PBXBuildFile; fileRef = 942AE56217AE8C0000A65988 /* Default.png */; };
		942AE56517AE8C0000A65988 /* Default@2x.png in Resources */ = {isa = PBXBuildFile; fileRef = 942AE56417AE8C0000A65988 /* Default@2x.png */; };
		942AE56717AE8C0000A65988 /* Default-568h@2x.png in Resources */ = {isa = PBXBuildFile; fileRef = 942AE56617AE8C0000A65988 /* Default-568h@2x.png */; };
		942AE56F17AE8C0000A65988 /* SenTestingKit.framework in Frameworks */ = {isa = PBXBuildFile; fileRef = 942AE56E17AE8C0000A65988 /* SenTestingKit.framework */; };
		942AE57017AE8C0000A65988 /* UIKit.framework in Frameworks */ = {isa = PBXBuildFile; fileRef = 942AE55017AE8C0000A65988 /* UIKit.framework */; };
		942AE57117AE8C0000A65988 /* Foundation.framework in Frameworks */ = {isa = PBXBuildFile; fileRef = 942AE55217AE8C0000A65988 /* Foundation.framework */; };
		942AE57917AE8C0000A65988 /* InfoPlist.strings in Resources */ = {isa = PBXBuildFile; fileRef = 942AE57717AE8C0000A65988 /* InfoPlist.strings */; };
		942AE57C17AE8C0000A65988 /* EZMoveTests.m in Sources */ = {isa = PBXBuildFile; fileRef = 942AE57B17AE8C0000A65988 /* EZMoveTests.m */; };
		942AE58617AE919000A65988 /* MainWindow.xib in Resources */ = {isa = PBXBuildFile; fileRef = 942AE58517AE919000A65988 /* MainWindow.xib */; };
		942AE58A17AE95B100A65988 /* MapViewController.m in Sources */ = {isa = PBXBuildFile; fileRef = 942AE58817AE95B100A65988 /* MapViewController.m */; };
		942AE58B17AE95B100A65988 /* MapViewController.xib in Resources */ = {isa = PBXBuildFile; fileRef = 942AE58917AE95B100A65988 /* MapViewController.xib */; };
		945D76A217BE72A300EDE5E9 /* btn-current.png in Resources */ = {isa = PBXBuildFile; fileRef = 945D769C17BE72A300EDE5E9 /* btn-current.png */; };
		945D76A317BE72A300EDE5E9 /* btn-settings.png in Resources */ = {isa = PBXBuildFile; fileRef = 945D769D17BE72A300EDE5E9 /* btn-settings.png */; };
		945D76A417BE72A300EDE5E9 /* btn-saved.png in Resources */ = {isa = PBXBuildFile; fileRef = 945D769E17BE72A300EDE5E9 /* btn-saved.png */; };
		945D76A517BE72A300EDE5E9 /* btn-route.png in Resources */ = {isa = PBXBuildFile; fileRef = 945D769F17BE72A300EDE5E9 /* btn-route.png */; };
		945D76A617BE72A300EDE5E9 /* btn-new.png in Resources */ = {isa = PBXBuildFile; fileRef = 945D76A017BE72A300EDE5E9 /* btn-new.png */; };
		945D76A717BE72A300EDE5E9 /* btn-help.png in Resources */ = {isa = PBXBuildFile; fileRef = 945D76A117BE72A300EDE5E9 /* btn-help.png */; };
		945D76AB17BE873B00EDE5E9 /* RouteInfoViewController.m in Sources */ = {isa = PBXBuildFile; fileRef = 945D76A917BE873B00EDE5E9 /* RouteInfoViewController.m */; };
		945D76AC17BE873B00EDE5E9 /* RouteInfoViewController.xib in Resources */ = {isa = PBXBuildFile; fileRef = 945D76AA17BE873B00EDE5E9 /* RouteInfoViewController.xib */; };
		947A8D8E17BA73A50027AF51 /* PKRevealController.m in Sources */ = {isa = PBXBuildFile; fileRef = 947A8D8917BA73A50027AF51 /* PKRevealController.m */; };
		947A8D8F17BA73A50027AF51 /* PKRevealControllerContainerView.m in Sources */ = {isa = PBXBuildFile; fileRef = 947A8D8B17BA73A50027AF51 /* PKRevealControllerContainerView.m */; };
		947A8D9017BA73A50027AF51 /* UIViewController+PKRevealController.m in Sources */ = {isa = PBXBuildFile; fileRef = 947A8D8D17BA73A50027AF51 /* UIViewController+PKRevealController.m */; };
		947A8D9917BA7F900027AF51 /* HomeNavViewController.m in Sources */ = {isa = PBXBuildFile; fileRef = 947A8D9717BA7F900027AF51 /* HomeNavViewController.m */; };
		947A8D9A17BA7F900027AF51 /* HomeNavViewController.xib in Resources */ = {isa = PBXBuildFile; fileRef = 947A8D9817BA7F900027AF51 /* HomeNavViewController.xib */; };
		9489CE2517BE6652004DC00F /* reveal_menu_icon_landscape.png in Resources */ = {isa = PBXBuildFile; fileRef = 9489CE2117BE6652004DC00F /* reveal_menu_icon_landscape.png */; };
		9489CE2617BE6652004DC00F /* reveal_menu_icon_landscape@2x.png in Resources */ = {isa = PBXBuildFile; fileRef = 9489CE2217BE6652004DC00F /* reveal_menu_icon_landscape@2x.png */; };
		9489CE2717BE6652004DC00F /* reveal_menu_icon_portrait.png in Resources */ = {isa = PBXBuildFile; fileRef = 9489CE2317BE6652004DC00F /* reveal_menu_icon_portrait.png */; };
		9489CE2817BE6652004DC00F /* reveal_menu_icon_portrait@2x.png in Resources */ = {isa = PBXBuildFile; fileRef = 9489CE2417BE6652004DC00F /* reveal_menu_icon_portrait@2x.png */; };
		948DA79A17BD0E0100E6BBA0 /* MenuViewController.m in Sources */ = {isa = PBXBuildFile; fileRef = 948DA79817BD0E0100E6BBA0 /* MenuViewController.m */; };
		948DA79B17BD0E0100E6BBA0 /* MenuViewController.xib in Resources */ = {isa = PBXBuildFile; fileRef = 948DA79917BD0E0100E6BBA0 /* MenuViewController.xib */; };
		94E17D2617BE8CEB00B1B856 /* info.png in Resources */ = {isa = PBXBuildFile; fileRef = 94E17D2417BE8CEB00B1B856 /* info.png */; };
/* End PBXBuildFile section */

/* Begin PBXContainerItemProxy section */
		942AE57217AE8C0000A65988 /* PBXContainerItemProxy */ = {
			isa = PBXContainerItemProxy;
			containerPortal = 942AE54517AE8C0000A65988 /* Project object */;
			proxyType = 1;
			remoteGlobalIDString = 942AE54C17AE8C0000A65988;
			remoteInfo = EZMove;
		};
/* End PBXContainerItemProxy section */

/* Begin PBXFileReference section */
		941302A117AFED1600F3F12D /* GoogleMaps.framework */ = {isa = PBXFileReference; lastKnownFileType = wrapper.framework; path = GoogleMaps.framework; sourceTree = "<group>"; };
		941302A317AFED4E00F3F12D /* GoogleMaps.bundle */ = {isa = PBXFileReference; lastKnownFileType = "wrapper.plug-in"; name = GoogleMaps.bundle; path = GoogleMaps.framework/Versions/A/Resources/GoogleMaps.bundle; sourceTree = "<group>"; };
		941302A517AFED7000F3F12D /* AVFoundation.framework */ = {isa = PBXFileReference; lastKnownFileType = wrapper.framework; name = AVFoundation.framework; path = System/Library/Frameworks/AVFoundation.framework; sourceTree = SDKROOT; };
		941302A717AFED7800F3F12D /* CoreData.framework */ = {isa = PBXFileReference; lastKnownFileType = wrapper.framework; name = CoreData.framework; path = System/Library/Frameworks/CoreData.framework; sourceTree = SDKROOT; };
		941302A917AFED8000F3F12D /* CoreLocation.framework */ = {isa = PBXFileReference; lastKnownFileType = wrapper.framework; name = CoreLocation.framework; path = System/Library/Frameworks/CoreLocation.framework; sourceTree = SDKROOT; };
		941302AB17AFED8800F3F12D /* CoreText.framework */ = {isa = PBXFileReference; lastKnownFileType = wrapper.framework; name = CoreText.framework; path = System/Library/Frameworks/CoreText.framework; sourceTree = SDKROOT; };
		941302AD17AFED9100F3F12D /* GLKit.framework */ = {isa = PBXFileReference; lastKnownFileType = wrapper.framework; name = GLKit.framework; path = System/Library/Frameworks/GLKit.framework; sourceTree = SDKROOT; };
		941302AF17AFED9900F3F12D /* ImageIO.framework */ = {isa = PBXFileReference; lastKnownFileType = wrapper.framework; name = ImageIO.framework; path = System/Library/Frameworks/ImageIO.framework; sourceTree = SDKROOT; };
		941302B117AFEDAC00F3F12D /* libc++.dylib */ = {isa = PBXFileReference; lastKnownFileType = "compiled.mach-o.dylib"; name = "libc++.dylib"; path = "usr/lib/libc++.dylib"; sourceTree = SDKROOT; };
		941302B317AFEDBA00F3F12D /* libicucore.dylib */ = {isa = PBXFileReference; lastKnownFileType = "compiled.mach-o.dylib"; name = libicucore.dylib; path = usr/lib/libicucore.dylib; sourceTree = SDKROOT; };
		941302B517AFEDC300F3F12D /* libz.dylib */ = {isa = PBXFileReference; lastKnownFileType = "compiled.mach-o.dylib"; name = libz.dylib; path = usr/lib/libz.dylib; sourceTree = SDKROOT; };
		941302B717AFEDCD00F3F12D /* OpenGLES.framework */ = {isa = PBXFileReference; lastKnownFileType = wrapper.framework; name = OpenGLES.framework; path = System/Library/Frameworks/OpenGLES.framework; sourceTree = SDKROOT; };
		941302B917AFEDD500F3F12D /* SystemConfiguration.framework */ = {isa = PBXFileReference; lastKnownFileType = wrapper.framework; name = SystemConfiguration.framework; path = System/Library/Frameworks/SystemConfiguration.framework; sourceTree = SDKROOT; };
		941302BB17AFF19000F3F12D /* QuartzCore.framework */ = {isa = PBXFileReference; lastKnownFileType = wrapper.framework; name = QuartzCore.framework; path = System/Library/Frameworks/QuartzCore.framework; sourceTree = SDKROOT; };
		942AE54D17AE8C0000A65988 /* EZMove.app */ = {isa = PBXFileReference; explicitFileType = wrapper.application; includeInIndex = 0; path = EZMove.app; sourceTree = BUILT_PRODUCTS_DIR; };
		942AE55017AE8C0000A65988 /* UIKit.framework */ = {isa = PBXFileReference; lastKnownFileType = wrapper.framework; name = UIKit.framework; path = System/Library/Frameworks/UIKit.framework; sourceTree = SDKROOT; };
		942AE55217AE8C0000A65988 /* Foundation.framework */ = {isa = PBXFileReference; lastKnownFileType = wrapper.framework; name = Foundation.framework; path = System/Library/Frameworks/Foundation.framework; sourceTree = SDKROOT; };
		942AE55417AE8C0000A65988 /* CoreGraphics.framework */ = {isa = PBXFileReference; lastKnownFileType = wrapper.framework; name = CoreGraphics.framework; path = System/Library/Frameworks/CoreGraphics.framework; sourceTree = SDKROOT; };
		942AE55817AE8C0000A65988 /* EZMove-Info.plist */ = {isa = PBXFileReference; lastKnownFileType = text.plist.xml; path = "EZMove-Info.plist"; sourceTree = "<group>"; };
		942AE55A17AE8C0000A65988 /* en */ = {isa = PBXFileReference; lastKnownFileType = text.plist.strings; name = en; path = en.lproj/InfoPlist.strings; sourceTree = "<group>"; };
		942AE55C17AE8C0000A65988 /* main.m */ = {isa = PBXFileReference; lastKnownFileType = sourcecode.c.objc; path = main.m; sourceTree = "<group>"; };
		942AE55E17AE8C0000A65988 /* EZMove-Prefix.pch */ = {isa = PBXFileReference; lastKnownFileType = sourcecode.c.h; path = "EZMove-Prefix.pch"; sourceTree = "<group>"; };
		942AE55F17AE8C0000A65988 /* AppDelegate.h */ = {isa = PBXFileReference; lastKnownFileType = sourcecode.c.h; path = AppDelegate.h; sourceTree = "<group>"; };
		942AE56017AE8C0000A65988 /* AppDelegate.m */ = {isa = PBXFileReference; lastKnownFileType = sourcecode.c.objc; path = AppDelegate.m; sourceTree = "<group>"; };
		942AE56217AE8C0000A65988 /* Default.png */ = {isa = PBXFileReference; lastKnownFileType = image.png; path = Default.png; sourceTree = "<group>"; };
		942AE56417AE8C0000A65988 /* Default@2x.png */ = {isa = PBXFileReference; lastKnownFileType = image.png; path = "Default@2x.png"; sourceTree = "<group>"; };
		942AE56617AE8C0000A65988 /* Default-568h@2x.png */ = {isa = PBXFileReference; lastKnownFileType = image.png; path = "Default-568h@2x.png"; sourceTree = "<group>"; };
		942AE56D17AE8C0000A65988 /* EZMoveTests.octest */ = {isa = PBXFileReference; explicitFileType = wrapper.cfbundle; includeInIndex = 0; path = EZMoveTests.octest; sourceTree = BUILT_PRODUCTS_DIR; };
		942AE56E17AE8C0000A65988 /* SenTestingKit.framework */ = {isa = PBXFileReference; lastKnownFileType = wrapper.framework; name = SenTestingKit.framework; path = Library/Frameworks/SenTestingKit.framework; sourceTree = DEVELOPER_DIR; };
		942AE57617AE8C0000A65988 /* EZMoveTests-Info.plist */ = {isa = PBXFileReference; lastKnownFileType = text.plist.xml; path = "EZMoveTests-Info.plist"; sourceTree = "<group>"; };
		942AE57817AE8C0000A65988 /* en */ = {isa = PBXFileReference; lastKnownFileType = text.plist.strings; name = en; path = en.lproj/InfoPlist.strings; sourceTree = "<group>"; };
		942AE57A17AE8C0000A65988 /* EZMoveTests.h */ = {isa = PBXFileReference; lastKnownFileType = sourcecode.c.h; path = EZMoveTests.h; sourceTree = "<group>"; };
		942AE57B17AE8C0000A65988 /* EZMoveTests.m */ = {isa = PBXFileReference; lastKnownFileType = sourcecode.c.objc; path = EZMoveTests.m; sourceTree = "<group>"; };
		942AE58517AE919000A65988 /* MainWindow.xib */ = {isa = PBXFileReference; fileEncoding = 4; lastKnownFileType = file.xib; name = MainWindow.xib; path = ../MainWindow.xib; sourceTree = "<group>"; };
		942AE58717AE95B100A65988 /* MapViewController.h */ = {isa = PBXFileReference; fileEncoding = 4; lastKnownFileType = sourcecode.c.h; path = MapViewController.h; sourceTree = "<group>"; };
		942AE58817AE95B100A65988 /* MapViewController.m */ = {isa = PBXFileReference; fileEncoding = 4; lastKnownFileType = sourcecode.c.objc; path = MapViewController.m; sourceTree = "<group>"; };
		942AE58917AE95B100A65988 /* MapViewController.xib */ = {isa = PBXFileReference; fileEncoding = 4; lastKnownFileType = file.xib; path = MapViewController.xib; sourceTree = "<group>"; };
		945D769C17BE72A300EDE5E9 /* btn-current.png */ = {isa = PBXFileReference; lastKnownFileType = image.png; path = "btn-current.png"; sourceTree = "<group>"; };
		945D769D17BE72A300EDE5E9 /* btn-settings.png */ = {isa = PBXFileReference; lastKnownFileType = image.png; path = "btn-settings.png"; sourceTree = "<group>"; };
		945D769E17BE72A300EDE5E9 /* btn-saved.png */ = {isa = PBXFileReference; lastKnownFileType = image.png; path = "btn-saved.png"; sourceTree = "<group>"; };
		945D769F17BE72A300EDE5E9 /* btn-route.png */ = {isa = PBXFileReference; lastKnownFileType = image.png; path = "btn-route.png"; sourceTree = "<group>"; };
		945D76A017BE72A300EDE5E9 /* btn-new.png */ = {isa = PBXFileReference; lastKnownFileType = image.png; path = "btn-new.png"; sourceTree = "<group>"; };
		945D76A117BE72A300EDE5E9 /* btn-help.png */ = {isa = PBXFileReference; lastKnownFileType = image.png; path = "btn-help.png"; sourceTree = "<group>"; };
		945D76A817BE873B00EDE5E9 /* RouteInfoViewController.h */ = {isa = PBXFileReference; fileEncoding = 4; lastKnownFileType = sourcecode.c.h; path = RouteInfoViewController.h; sourceTree = "<group>"; };
		945D76A917BE873B00EDE5E9 /* RouteInfoViewController.m */ = {isa = PBXFileReference; fileEncoding = 4; lastKnownFileType = sourcecode.c.objc; path = RouteInfoViewController.m; sourceTree = "<group>"; };
		945D76AA17BE873B00EDE5E9 /* RouteInfoViewController.xib */ = {isa = PBXFileReference; fileEncoding = 4; lastKnownFileType = file.xib; path = RouteInfoViewController.xib; sourceTree = "<group>"; };
		947A8D8817BA73A50027AF51 /* PKRevealController.h */ = {isa = PBXFileReference; fileEncoding = 4; lastKnownFileType = sourcecode.c.h; path = PKRevealController.h; sourceTree = "<group>"; };
		947A8D8917BA73A50027AF51 /* PKRevealController.m */ = {isa = PBXFileReference; fileEncoding = 4; lastKnownFileType = sourcecode.c.objc; path = PKRevealController.m; sourceTree = "<group>"; };
		947A8D8A17BA73A50027AF51 /* PKRevealControllerContainerView.h */ = {isa = PBXFileReference; fileEncoding = 4; lastKnownFileType = sourcecode.c.h; path = PKRevealControllerContainerView.h; sourceTree = "<group>"; };
		947A8D8B17BA73A50027AF51 /* PKRevealControllerContainerView.m */ = {isa = PBXFileReference; fileEncoding = 4; lastKnownFileType = sourcecode.c.objc; path = PKRevealControllerContainerView.m; sourceTree = "<group>"; };
		947A8D8C17BA73A50027AF51 /* UIViewController+PKRevealController.h */ = {isa = PBXFileReference; fileEncoding = 4; lastKnownFileType = sourcecode.c.h; path = "UIViewController+PKRevealController.h"; sourceTree = "<group>"; };
		947A8D8D17BA73A50027AF51 /* UIViewController+PKRevealController.m */ = {isa = PBXFileReference; fileEncoding = 4; lastKnownFileType = sourcecode.c.objc; path = "UIViewController+PKRevealController.m"; sourceTree = "<group>"; };
		947A8D9617BA7F900027AF51 /* HomeNavViewController.h */ = {isa = PBXFileReference; fileEncoding = 4; lastKnownFileType = sourcecode.c.h; path = HomeNavViewController.h; sourceTree = "<group>"; };
		947A8D9717BA7F900027AF51 /* HomeNavViewController.m */ = {isa = PBXFileReference; fileEncoding = 4; lastKnownFileType = sourcecode.c.objc; path = HomeNavViewController.m; sourceTree = "<group>"; };
		947A8D9817BA7F900027AF51 /* HomeNavViewController.xib */ = {isa = PBXFileReference; fileEncoding = 4; lastKnownFileType = file.xib; path = HomeNavViewController.xib; sourceTree = "<group>"; };
		9489CE2117BE6652004DC00F /* reveal_menu_icon_landscape.png */ = {isa = PBXFileReference; lastKnownFileType = image.png; path = reveal_menu_icon_landscape.png; sourceTree = "<group>"; };
		9489CE2217BE6652004DC00F /* reveal_menu_icon_landscape@2x.png */ = {isa = PBXFileReference; lastKnownFileType = image.png; path = "reveal_menu_icon_landscape@2x.png"; sourceTree = "<group>"; };
		9489CE2317BE6652004DC00F /* reveal_menu_icon_portrait.png */ = {isa = PBXFileReference; lastKnownFileType = image.png; path = reveal_menu_icon_portrait.png; sourceTree = "<group>"; };
		9489CE2417BE6652004DC00F /* reveal_menu_icon_portrait@2x.png */ = {isa = PBXFileReference; lastKnownFileType = image.png; path = "reveal_menu_icon_portrait@2x.png"; sourceTree = "<group>"; };
		948DA79717BD0E0100E6BBA0 /* MenuViewController.h */ = {isa = PBXFileReference; fileEncoding = 4; lastKnownFileType = sourcecode.c.h; path = MenuViewController.h; sourceTree = "<group>"; };
		948DA79817BD0E0100E6BBA0 /* MenuViewController.m */ = {isa = PBXFileReference; fileEncoding = 4; lastKnownFileType = sourcecode.c.objc; path = MenuViewController.m; sourceTree = "<group>"; };
		948DA79917BD0E0100E6BBA0 /* MenuViewController.xib */ = {isa = PBXFileReference; fileEncoding = 4; lastKnownFileType = file.xib; path = MenuViewController.xib; sourceTree = "<group>"; };
		94E17D2417BE8CEB00B1B856 /* info.png */ = {isa = PBXFileReference; lastKnownFileType = image.png; path = info.png; sourceTree = "<group>"; };
/* End PBXFileReference section */

/* Begin PBXFrameworksBuildPhase section */
		942AE54A17AE8C0000A65988 /* Frameworks */ = {
			isa = PBXFrameworksBuildPhase;
			buildActionMask = 2147483647;
			files = (
				941302BC17AFF19000F3F12D /* QuartzCore.framework in Frameworks */,
				941302BA17AFEDD500F3F12D /* SystemConfiguration.framework in Frameworks */,
				941302B817AFEDCD00F3F12D /* OpenGLES.framework in Frameworks */,
				941302B617AFEDC300F3F12D /* libz.dylib in Frameworks */,
				941302B417AFEDBA00F3F12D /* libicucore.dylib in Frameworks */,
				941302B217AFEDAC00F3F12D /* libc++.dylib in Frameworks */,
				941302B017AFED9900F3F12D /* ImageIO.framework in Frameworks */,
				941302AE17AFED9100F3F12D /* GLKit.framework in Frameworks */,
				941302AC17AFED8800F3F12D /* CoreText.framework in Frameworks */,
				941302AA17AFED8000F3F12D /* CoreLocation.framework in Frameworks */,
				941302A817AFED7800F3F12D /* CoreData.framework in Frameworks */,
				941302A617AFED7000F3F12D /* AVFoundation.framework in Frameworks */,
				942AE55117AE8C0000A65988 /* UIKit.framework in Frameworks */,
				942AE55317AE8C0000A65988 /* Foundation.framework in Frameworks */,
				942AE55517AE8C0000A65988 /* CoreGraphics.framework in Frameworks */,
				941302A217AFED1600F3F12D /* GoogleMaps.framework in Frameworks */,
			);
			runOnlyForDeploymentPostprocessing = 0;
		};
		942AE56917AE8C0000A65988 /* Frameworks */ = {
			isa = PBXFrameworksBuildPhase;
			buildActionMask = 2147483647;
			files = (
				942AE56F17AE8C0000A65988 /* SenTestingKit.framework in Frameworks */,
				942AE57017AE8C0000A65988 /* UIKit.framework in Frameworks */,
				942AE57117AE8C0000A65988 /* Foundation.framework in Frameworks */,
			);
			runOnlyForDeploymentPostprocessing = 0;
		};
/* End PBXFrameworksBuildPhase section */

/* Begin PBXGroup section */
		942AE54417AE8C0000A65988 = {
			isa = PBXGroup;
			children = (
				942AE55617AE8C0000A65988 /* EZMove */,
				942AE57417AE8C0000A65988 /* EZMoveTests */,
				942AE54F17AE8C0000A65988 /* Frameworks */,
				942AE54E17AE8C0000A65988 /* Products */,
			);
			sourceTree = "<group>";
		};
		942AE54E17AE8C0000A65988 /* Products */ = {
			isa = PBXGroup;
			children = (
				942AE54D17AE8C0000A65988 /* EZMove.app */,
				942AE56D17AE8C0000A65988 /* EZMoveTests.octest */,
			);
			name = Products;
			sourceTree = "<group>";
		};
		942AE54F17AE8C0000A65988 /* Frameworks */ = {
			isa = PBXGroup;
			children = (
				941302BB17AFF19000F3F12D /* QuartzCore.framework */,
				941302B917AFEDD500F3F12D /* SystemConfiguration.framework */,
				941302B717AFEDCD00F3F12D /* OpenGLES.framework */,
				941302B517AFEDC300F3F12D /* libz.dylib */,
				941302B317AFEDBA00F3F12D /* libicucore.dylib */,
				941302B117AFEDAC00F3F12D /* libc++.dylib */,
				941302AF17AFED9900F3F12D /* ImageIO.framework */,
				941302AD17AFED9100F3F12D /* GLKit.framework */,
				941302AB17AFED8800F3F12D /* CoreText.framework */,
				941302A917AFED8000F3F12D /* CoreLocation.framework */,
				941302A717AFED7800F3F12D /* CoreData.framework */,
				941302A517AFED7000F3F12D /* AVFoundation.framework */,
				941302A117AFED1600F3F12D /* GoogleMaps.framework */,
				941302A317AFED4E00F3F12D /* GoogleMaps.bundle */,
				942AE55017AE8C0000A65988 /* UIKit.framework */,
				942AE55217AE8C0000A65988 /* Foundation.framework */,
				942AE55417AE8C0000A65988 /* CoreGraphics.framework */,
				942AE56E17AE8C0000A65988 /* SenTestingKit.framework */,
			);
			name = Frameworks;
			sourceTree = "<group>";
		};
		942AE55617AE8C0000A65988 /* EZMove */ = {
			isa = PBXGroup;
			children = (
				942AE58517AE919000A65988 /* MainWindow.xib */,
				942AE55F17AE8C0000A65988 /* AppDelegate.h */,
				942AE56017AE8C0000A65988 /* AppDelegate.m */,
				947A8D9617BA7F900027AF51 /* HomeNavViewController.h */,
				947A8D9717BA7F900027AF51 /* HomeNavViewController.m */,
				947A8D9817BA7F900027AF51 /* HomeNavViewController.xib */,
				948DA79717BD0E0100E6BBA0 /* MenuViewController.h */,
				948DA79817BD0E0100E6BBA0 /* MenuViewController.m */,
				948DA79917BD0E0100E6BBA0 /* MenuViewController.xib */,
				942AE58717AE95B100A65988 /* MapViewController.h */,
				942AE58817AE95B100A65988 /* MapViewController.m */,
				942AE58917AE95B100A65988 /* MapViewController.xib */,
				945D76A817BE873B00EDE5E9 /* RouteInfoViewController.h */,
				945D76A917BE873B00EDE5E9 /* RouteInfoViewController.m */,
				945D76AA17BE873B00EDE5E9 /* RouteInfoViewController.xib */,
				9489CE2017BE663D004DC00F /* images */,
				947A8D8617BA725F0027AF51 /* vendor */,
				942AE55717AE8C0000A65988 /* Supporting Files */,
			);
			path = EZMove;
			sourceTree = "<group>";
		};
		942AE55717AE8C0000A65988 /* Supporting Files */ = {
			isa = PBXGroup;
			children = (
				942AE55817AE8C0000A65988 /* EZMove-Info.plist */,
				942AE55917AE8C0000A65988 /* InfoPlist.strings */,
				942AE55C17AE8C0000A65988 /* main.m */,
				942AE55E17AE8C0000A65988 /* EZMove-Prefix.pch */,
				942AE56217AE8C0000A65988 /* Default.png */,
				942AE56417AE8C0000A65988 /* Default@2x.png */,
				942AE56617AE8C0000A65988 /* Default-568h@2x.png */,
			);
			name = "Supporting Files";
			sourceTree = "<group>";
		};
		942AE57417AE8C0000A65988 /* EZMoveTests */ = {
			isa = PBXGroup;
			children = (
				942AE57A17AE8C0000A65988 /* EZMoveTests.h */,
				942AE57B17AE8C0000A65988 /* EZMoveTests.m */,
				942AE57517AE8C0000A65988 /* Supporting Files */,
			);
			path = EZMoveTests;
			sourceTree = "<group>";
		};
		942AE57517AE8C0000A65988 /* Supporting Files */ = {
			isa = PBXGroup;
			children = (
				942AE57617AE8C0000A65988 /* EZMoveTests-Info.plist */,
				942AE57717AE8C0000A65988 /* InfoPlist.strings */,
			);
			name = "Supporting Files";
			sourceTree = "<group>";
		};
		947A8D8617BA725F0027AF51 /* vendor */ = {
			isa = PBXGroup;
			children = (
				947A8D8717BA73A50027AF51 /* PKRevealController */,
			);
			name = vendor;
			sourceTree = "<group>";
		};
		947A8D8717BA73A50027AF51 /* PKRevealController */ = {
			isa = PBXGroup;
			children = (
				947A8D8817BA73A50027AF51 /* PKRevealController.h */,
				947A8D8917BA73A50027AF51 /* PKRevealController.m */,
				947A8D8A17BA73A50027AF51 /* PKRevealControllerContainerView.h */,
				947A8D8B17BA73A50027AF51 /* PKRevealControllerContainerView.m */,
				947A8D8C17BA73A50027AF51 /* UIViewController+PKRevealController.h */,
				947A8D8D17BA73A50027AF51 /* UIViewController+PKRevealController.m */,
			);
			name = PKRevealController;
			path = Controller;
			sourceTree = "<group>";
		};
		9489CE2017BE663D004DC00F /* images */ = {
			isa = PBXGroup;
			children = (
				945D769C17BE72A300EDE5E9 /* btn-current.png */,
				94E17D2417BE8CEB00B1B856 /* info.png */,
				945D769D17BE72A300EDE5E9 /* btn-settings.png */,
				945D769E17BE72A300EDE5E9 /* btn-saved.png */,
				945D769F17BE72A300EDE5E9 /* btn-route.png */,
				945D76A017BE72A300EDE5E9 /* btn-new.png */,
				945D76A117BE72A300EDE5E9 /* btn-help.png */,
				9489CE2117BE6652004DC00F /* reveal_menu_icon_landscape.png */,
				9489CE2217BE6652004DC00F /* reveal_menu_icon_landscape@2x.png */,
				9489CE2317BE6652004DC00F /* reveal_menu_icon_portrait.png */,
				9489CE2417BE6652004DC00F /* reveal_menu_icon_portrait@2x.png */,
			);
			name = images;
			sourceTree = "<group>";
		};
/* End PBXGroup section */

/* Begin PBXNativeTarget section */
		942AE54C17AE8C0000A65988 /* EZMove */ = {
			isa = PBXNativeTarget;
			buildConfigurationList = 942AE57F17AE8C0000A65988 /* Build configuration list for PBXNativeTarget "EZMove" */;
			buildPhases = (
				942AE54917AE8C0000A65988 /* Sources */,
				942AE54A17AE8C0000A65988 /* Frameworks */,
				942AE54B17AE8C0000A65988 /* Resources */,
			);
			buildRules = (
			);
			dependencies = (
			);
			name = EZMove;
			productName = EZMove;
			productReference = 942AE54D17AE8C0000A65988 /* EZMove.app */;
			productType = "com.apple.product-type.application";
		};
		942AE56C17AE8C0000A65988 /* EZMoveTests */ = {
			isa = PBXNativeTarget;
			buildConfigurationList = 942AE58217AE8C0000A65988 /* Build configuration list for PBXNativeTarget "EZMoveTests" */;
			buildPhases = (
				942AE56817AE8C0000A65988 /* Sources */,
				942AE56917AE8C0000A65988 /* Frameworks */,
				942AE56A17AE8C0000A65988 /* Resources */,
				942AE56B17AE8C0000A65988 /* ShellScript */,
			);
			buildRules = (
			);
			dependencies = (
				942AE57317AE8C0000A65988 /* PBXTargetDependency */,
			);
			name = EZMoveTests;
			productName = EZMoveTests;
			productReference = 942AE56D17AE8C0000A65988 /* EZMoveTests.octest */;
			productType = "com.apple.product-type.bundle";
		};
/* End PBXNativeTarget section */

/* Begin PBXProject section */
		942AE54517AE8C0000A65988 /* Project object */ = {
			isa = PBXProject;
			attributes = {
				LastUpgradeCheck = 0460;
				ORGANIZATIONNAME = "Charles Anthony Yu";
			};
			buildConfigurationList = 942AE54817AE8C0000A65988 /* Build configuration list for PBXProject "EZMove" */;
			compatibilityVersion = "Xcode 3.2";
			developmentRegion = English;
			hasScannedForEncodings = 0;
			knownRegions = (
				en,
			);
			mainGroup = 942AE54417AE8C0000A65988;
			productRefGroup = 942AE54E17AE8C0000A65988 /* Products */;
			projectDirPath = "";
			projectRoot = "";
			targets = (
				942AE54C17AE8C0000A65988 /* EZMove */,
				942AE56C17AE8C0000A65988 /* EZMoveTests */,
			);
		};
/* End PBXProject section */

/* Begin PBXResourcesBuildPhase section */
		942AE54B17AE8C0000A65988 /* Resources */ = {
			isa = PBXResourcesBuildPhase;
			buildActionMask = 2147483647;
			files = (
				942AE55B17AE8C0000A65988 /* InfoPlist.strings in Resources */,
				942AE56317AE8C0000A65988 /* Default.png in Resources */,
				942AE56517AE8C0000A65988 /* Default@2x.png in Resources */,
				942AE56717AE8C0000A65988 /* Default-568h@2x.png in Resources */,
				942AE58617AE919000A65988 /* MainWindow.xib in Resources */,
				942AE58B17AE95B100A65988 /* MapViewController.xib in Resources */,
				941302A417AFED4E00F3F12D /* GoogleMaps.bundle in Resources */,
				947A8D9A17BA7F900027AF51 /* HomeNavViewController.xib in Resources */,
				948DA79B17BD0E0100E6BBA0 /* MenuViewController.xib in Resources */,
				9489CE2517BE6652004DC00F /* reveal_menu_icon_landscape.png in Resources */,
				9489CE2617BE6652004DC00F /* reveal_menu_icon_landscape@2x.png in Resources */,
				9489CE2717BE6652004DC00F /* reveal_menu_icon_portrait.png in Resources */,
				9489CE2817BE6652004DC00F /* reveal_menu_icon_portrait@2x.png in Resources */,
				945D76A217BE72A300EDE5E9 /* btn-current.png in Resources */,
				945D76A317BE72A300EDE5E9 /* btn-settings.png in Resources */,
				945D76A417BE72A300EDE5E9 /* btn-saved.png in Resources */,
				945D76A517BE72A300EDE5E9 /* btn-route.png in Resources */,
				945D76A617BE72A300EDE5E9 /* btn-new.png in Resources */,
				945D76A717BE72A300EDE5E9 /* btn-help.png in Resources */,
				945D76AC17BE873B00EDE5E9 /* RouteInfoViewController.xib in Resources */,
				94E17D2617BE8CEB00B1B856 /* info.png in Resources */,
			);
			runOnlyForDeploymentPostprocessing = 0;
		};
		942AE56A17AE8C0000A65988 /* Resources */ = {
			isa = PBXResourcesBuildPhase;
			buildActionMask = 2147483647;
			files = (
				942AE57917AE8C0000A65988 /* InfoPlist.strings in Resources */,
			);
			runOnlyForDeploymentPostprocessing = 0;
		};
/* End PBXResourcesBuildPhase section */

/* Begin PBXShellScriptBuildPhase section */
		942AE56B17AE8C0000A65988 /* ShellScript */ = {
			isa = PBXShellScriptBuildPhase;
			buildActionMask = 2147483647;
			files = (
			);
			inputPaths = (
			);
			outputPaths = (
			);
			runOnlyForDeploymentPostprocessing = 0;
			shellPath = /bin/sh;
			shellScript = "# Run the unit tests in this test bundle.\n\"${SYSTEM_DEVELOPER_DIR}/Tools/RunUnitTests\"\n";
		};
/* End PBXShellScriptBuildPhase section */

/* Begin PBXSourcesBuildPhase section */
		942AE54917AE8C0000A65988 /* Sources */ = {
			isa = PBXSourcesBuildPhase;
			buildActionMask = 2147483647;
			files = (
				942AE55D17AE8C0000A65988 /* main.m in Sources */,
				942AE56117AE8C0000A65988 /* AppDelegate.m in Sources */,
				942AE58A17AE95B100A65988 /* MapViewController.m in Sources */,
				947A8D8E17BA73A50027AF51 /* PKRevealController.m in Sources */,
				947A8D8F17BA73A50027AF51 /* PKRevealControllerContainerView.m in Sources */,
				947A8D9017BA73A50027AF51 /* UIViewController+PKRevealController.m in Sources */,
				947A8D9917BA7F900027AF51 /* HomeNavViewController.m in Sources */,
				948DA79A17BD0E0100E6BBA0 /* MenuViewController.m in Sources */,
				945D76AB17BE873B00EDE5E9 /* RouteInfoViewController.m in Sources */,
			);
			runOnlyForDeploymentPostprocessing = 0;
		};
		942AE56817AE8C0000A65988 /* Sources */ = {
			isa = PBXSourcesBuildPhase;
			buildActionMask = 2147483647;
			files = (
				942AE57C17AE8C0000A65988 /* EZMoveTests.m in Sources */,
			);
			runOnlyForDeploymentPostprocessing = 0;
		};
/* End PBXSourcesBuildPhase section */

/* Begin PBXTargetDependency section */
		942AE57317AE8C0000A65988 /* PBXTargetDependency */ = {
			isa = PBXTargetDependency;
			target = 942AE54C17AE8C0000A65988 /* EZMove */;
			targetProxy = 942AE57217AE8C0000A65988 /* PBXContainerItemProxy */;
		};
/* End PBXTargetDependency section */

/* Begin PBXVariantGroup section */
		942AE55917AE8C0000A65988 /* InfoPlist.strings */ = {
			isa = PBXVariantGroup;
			children = (
				942AE55A17AE8C0000A65988 /* en */,
			);
			name = InfoPlist.strings;
			sourceTree = "<group>";
		};
		942AE57717AE8C0000A65988 /* InfoPlist.strings */ = {
			isa = PBXVariantGroup;
			children = (
				942AE57817AE8C0000A65988 /* en */,
			);
			name = InfoPlist.strings;
			sourceTree = "<group>";
		};
/* End PBXVariantGroup section */

/* Begin XCBuildConfiguration section */
		942AE57D17AE8C0000A65988 /* Debug */ = {
			isa = XCBuildConfiguration;
			buildSettings = {
				ALWAYS_SEARCH_USER_PATHS = NO;
				CLANG_CXX_LANGUAGE_STANDARD = "gnu++0x";
				CLANG_CXX_LIBRARY = "libc++";
				CLANG_ENABLE_OBJC_ARC = YES;
				CLANG_WARN_CONSTANT_CONVERSION = YES;
				CLANG_WARN_EMPTY_BODY = YES;
				CLANG_WARN_ENUM_CONVERSION = YES;
				CLANG_WARN_INT_CONVERSION = YES;
				CLANG_WARN__DUPLICATE_METHOD_MATCH = YES;
				"CODE_SIGN_IDENTITY[sdk=iphoneos*]" = "iPhone Developer";
				COPY_PHASE_STRIP = NO;
				GCC_C_LANGUAGE_STANDARD = gnu99;
				GCC_DYNAMIC_NO_PIC = NO;
				GCC_OPTIMIZATION_LEVEL = 0;
				GCC_PREPROCESSOR_DEFINITIONS = (
					"DEBUG=1",
					"$(inherited)",
				);
				GCC_SYMBOLS_PRIVATE_EXTERN = NO;
				GCC_WARN_ABOUT_RETURN_TYPE = YES;
				GCC_WARN_UNINITIALIZED_AUTOS = YES;
				GCC_WARN_UNUSED_VARIABLE = YES;
				IPHONEOS_DEPLOYMENT_TARGET = 6.1;
				ONLY_ACTIVE_ARCH = YES;
				SDKROOT = iphoneos;
			};
			name = Debug;
		};
		942AE57E17AE8C0000A65988 /* Release */ = {
			isa = XCBuildConfiguration;
			buildSettings = {
				ALWAYS_SEARCH_USER_PATHS = NO;
				CLANG_CXX_LANGUAGE_STANDARD = "gnu++0x";
				CLANG_CXX_LIBRARY = "libc++";
				CLANG_ENABLE_OBJC_ARC = YES;
				CLANG_WARN_CONSTANT_CONVERSION = YES;
				CLANG_WARN_EMPTY_BODY = YES;
				CLANG_WARN_ENUM_CONVERSION = YES;
				CLANG_WARN_INT_CONVERSION = YES;
				CLANG_WARN__DUPLICATE_METHOD_MATCH = YES;
				"CODE_SIGN_IDENTITY[sdk=iphoneos*]" = "iPhone Developer";
				COPY_PHASE_STRIP = YES;
				GCC_C_LANGUAGE_STANDARD = gnu99;
				GCC_WARN_ABOUT_RETURN_TYPE = YES;
				GCC_WARN_UNINITIALIZED_AUTOS = YES;
				GCC_WARN_UNUSED_VARIABLE = YES;
				IPHONEOS_DEPLOYMENT_TARGET = 6.1;
				OTHER_CFLAGS = "-DNS_BLOCK_ASSERTIONS=1";
				SDKROOT = iphoneos;
				VALIDATE_PRODUCT = YES;
			};
			name = Release;
		};
		942AE58017AE8C0000A65988 /* Debug */ = {
			isa = XCBuildConfiguration;
			buildSettings = {
				FRAMEWORK_SEARCH_PATHS = (
					"$(inherited)",
					"\"$(SRCROOT)\"",
				);
				GCC_PRECOMPILE_PREFIX_HEADER = YES;
				GCC_PREFIX_HEADER = "EZMove/EZMove-Prefix.pch";
				INFOPLIST_FILE = "EZMove/EZMove-Info.plist";
				IPHONEOS_DEPLOYMENT_TARGET = 6.0;
				OTHER_LDFLAGS = "-ObjC";
				PRODUCT_NAME = "$(TARGET_NAME)";
				WRAPPER_EXTENSION = app;
			};
			name = Debug;
		};
		942AE58117AE8C0000A65988 /* Release */ = {
			isa = XCBuildConfiguration;
			buildSettings = {
				FRAMEWORK_SEARCH_PATHS = (
					"$(inherited)",
					"\"$(SRCROOT)\"",
				);
				GCC_PRECOMPILE_PREFIX_HEADER = YES;
				GCC_PREFIX_HEADER = "EZMove/EZMove-Prefix.pch";
				INFOPLIST_FILE = "EZMove/EZMove-Info.plist";
				IPHONEOS_DEPLOYMENT_TARGET = 6.0;
				OTHER_LDFLAGS = "-ObjC";
				PRODUCT_NAME = "$(TARGET_NAME)";
				WRAPPER_EXTENSION = app;
			};
			name = Release;
		};
		942AE58317AE8C0000A65988 /* Debug */ = {
			isa = XCBuildConfiguration;
			buildSettings = {
				BUNDLE_LOADER = "$(BUILT_PRODUCTS_DIR)/EZMove.app/EZMove";
				FRAMEWORK_SEARCH_PATHS = (
					"\"$(SDKROOT)/Developer/Library/Frameworks\"",
					"\"$(DEVELOPER_LIBRARY_DIR)/Frameworks\"",
				);
				GCC_PRECOMPILE_PREFIX_HEADER = YES;
				GCC_PREFIX_HEADER = "EZMove/EZMove-Prefix.pch";
				INFOPLIST_FILE = "EZMoveTests/EZMoveTests-Info.plist";
				PRODUCT_NAME = "$(TARGET_NAME)";
				TEST_HOST = "$(BUNDLE_LOADER)";
				WRAPPER_EXTENSION = octest;
			};
			name = Debug;
		};
		942AE58417AE8C0000A65988 /* Release */ = {
			isa = XCBuildConfiguration;
			buildSettings = {
				BUNDLE_LOADER = "$(BUILT_PRODUCTS_DIR)/EZMove.app/EZMove";
				FRAMEWORK_SEARCH_PATHS = (
					"\"$(SDKROOT)/Developer/Library/Frameworks\"",
					"\"$(DEVELOPER_LIBRARY_DIR)/Frameworks\"",
				);
				GCC_PRECOMPILE_PREFIX_HEADER = YES;
				GCC_PREFIX_HEADER = "EZMove/EZMove-Prefix.pch";
				INFOPLIST_FILE = "EZMoveTests/EZMoveTests-Info.plist";
				PRODUCT_NAME = "$(TARGET_NAME)";
				TEST_HOST = "$(BUNDLE_LOADER)";
				WRAPPER_EXTENSION = octest;
			};
			name = Release;
		};
/* End XCBuildConfiguration section */

/* Begin XCConfigurationList section */
		942AE54817AE8C0000A65988 /* Build configuration list for PBXProject "EZMove" */ = {
			isa = XCConfigurationList;
			buildConfigurations = (
				942AE57D17AE8C0000A65988 /* Debug */,
				942AE57E17AE8C0000A65988 /* Release */,
			);
			defaultConfigurationIsVisible = 0;
			defaultConfigurationName = Release;
		};
		942AE57F17AE8C0000A65988 /* Build configuration list for PBXNativeTarget "EZMove" */ = {
			isa = XCConfigurationList;
			buildConfigurations = (
				942AE58017AE8C0000A65988 /* Debug */,
				942AE58117AE8C0000A65988 /* Release */,
			);
			defaultConfigurationIsVisible = 0;
			defaultConfigurationName = Release;
		};
		942AE58217AE8C0000A65988 /* Build configuration list for PBXNativeTarget "EZMoveTests" */ = {
			isa = XCConfigurationList;
			buildConfigurations = (
				942AE58317AE8C0000A65988 /* Debug */,
				942AE58417AE8C0000A65988 /* Release */,
			);
			defaultConfigurationIsVisible = 0;
			defaultConfigurationName = Release;
		};
/* End XCConfigurationList section */
	};
	rootObject = 942AE54517AE8C0000A65988 /* Project object */;
}
